
Microsoft Visual Studio Solution File, Format Version 12.00
# Visual Studio Version 17
VisualStudioVersion = 17.7.34003.232
MinimumVisualStudioVersion = 10.0.40219.1
Project("{FAE04EC0-301F-11D3-BF4B-00C04F79EFBC}") = "Juego21", "Juego21\Juego21.csproj", "{4973DD99-9901-4485-B4E6-017AAB9285D4}"
EndProject
Global
	GlobalSection(SolutionConfigurationPlatforms) = preSolution
		Debug|Any CPU = Debug|Any CPU
		Release|Any CPU = Release|Any CPU
	EndGlobalSection
	GlobalSection(ProjectConfigurationPlatforms) = postSolution
		{4973DD99-9901-4485-B4E6-017AAB9285D4}.Debug|Any CPU.ActiveCfg = Debug|Any CPU
		{4973DD99-9901-4485-B4E6-017AAB9285D4}.Debug|Any CPU.Build.0 = Debug|Any CPU
		{4973DD99-9901-4485-B4E6-017AAB9285D4}.Release|Any CPU.ActiveCfg = Release|Any CPU
		{4973DD99-9901-4485-B4E6-017AAB9285D4}.Release|Any CPU.Build.0 = Release|Any CPU
	EndGlobalSection
	GlobalSection(SolutionProperties) = preSolution
		HideSolutionNode = FALSE
	EndGlobalSection
	GlobalSection(ExtensibilityGlobals) = postSolution
		SolutionGuid = {3320AF85-290A-4C44-AF58-2A13D063A99F}
	EndGlobalSection
EndGlobal
